{
	"name": "vue",
	"version": "0.0.3",
	"lockfileVersion": 1,
	"requires": true,
	"dependencies": {
		"abbrev": {
			"version": "1.1.1",
			"resolved": "http://r.tnpm.oa.com/abbrev/download/abbrev-1.1.1.tgz",
			"integrity": "sha1-+PLIh60Qv2f2NPAFtph/7TF5qsg="
		},
		"balanced-match": {
			"version": "1.0.0",
			"resolved": "http://r.tnpm.oa.com/balanced-match/download/balanced-match-1.0.0.tgz",
			"integrity": "sha1-ibTRmasr7kneFk6gK4nORi1xt2c="
		},
		"brace-expansion": {
			"version": "1.1.11",
			"resolved": "http://r.tnpm.oa.com/brace-expansion/download/brace-expansion-1.1.11.tgz",
			"integrity": "sha1-PH/L9SnYcibz0vUrlm/1Jx60Qd0=",
			"requires": {
				"balanced-match": "^1.0.0",
				"concat-map": "0.0.1"
			}
		},
		"commander": {
			"version": "2.20.3",
			"resolved": "http://r.tnpm.oa.com/commander/download/commander-2.20.3.tgz",
			"integrity": "sha1-/UhehMA+tIgcIHIrpIA16FMa6zM="
		},
		"concat-map": {
			"version": "0.0.1",
			"resolved": "http://r.tnpm.oa.com/concat-map/download/concat-map-0.0.1.tgz",
			"integrity": "sha1-2Klr13/Wjfd5OnMDajug1UBdR3s="
		},
		"config-chain": {
			"version": "1.1.12",
			"resolved": "http://r.tnpm.oa.com/config-chain/download/config-chain-1.1.12.tgz",
			"integrity": "sha1-D96NCRIA616AjK8l/mGMAvSOTvo=",
			"requires": {
				"ini": "^1.3.4",
				"proto-list": "~1.2.1"
			}
		},
		"editorconfig": {
			"version": "0.15.3",
			"resolved": "http://r.tnpm.oa.com/editorconfig/download/editorconfig-0.15.3.tgz",
			"integrity": "sha1-vvhMTnX7jcsM5c7o79UcFZmb78U=",
			"requires": {
				"commander": "^2.19.0",
				"lru-cache": "^4.1.5",
				"semver": "^5.6.0",
				"sigmund": "^1.0.1"
			}
		},
		"fs.realpath": {
			"version": "1.0.0",
			"resolved": "http://r.tnpm.oa.com/fs.realpath/download/fs.realpath-1.0.0.tgz",
			"integrity": "sha1-FQStJSMVjKpA20onh8sBQRmU6k8="
		},
		"glob": {
			"version": "7.1.6",
			"resolved": "http://r.tnpm.oa.com/glob/download/glob-7.1.6.tgz",
			"integrity": "sha1-FB8zuBp8JJLhJVlDB0gMRmeSeKY=",
			"requires": {
				"fs.realpath": "^1.0.0",
				"inflight": "^1.0.4",
				"inherits": "2",
				"minimatch": "^3.0.4",
				"once": "^1.3.0",
				"path-is-absolute": "^1.0.0"
			}
		},
		"inflight": {
			"version": "1.0.6",
			"resolved": "http://r.tnpm.oa.com/inflight/download/inflight-1.0.6.tgz",
			"integrity": "sha1-Sb1jMdfQLQwJvJEKEHW6gWW1bfk=",
			"requires": {
				"once": "^1.3.0",
				"wrappy": "1"
			}
		},
		"inherits": {
			"version": "2.0.4",
			"resolved": "http://r.tnpm.oa.com/inherits/download/inherits-2.0.4.tgz",
			"integrity": "sha1-D6LGT5MpF8NDOg3tVTY6rjdBa3w="
		},
		"ini": {
			"version": "1.3.5",
			"resolved": "http://r.tnpm.oa.com/ini/download/ini-1.3.5.tgz",
			"integrity": "sha1-7uJfVtscnsYIXgwid4CD9Zar+Sc="
		},
		"js-beautify": {
			"version": "1.13.0",
			"resolved": "http://r.tnpm.oa.com/js-beautify/download/js-beautify-1.13.0.tgz",
			"integrity": "sha1-oFbV06z9SRhUmq46sDn588Ue67I=",
			"requires": {
				"config-chain": "^1.1.12",
				"editorconfig": "^0.15.3",
				"glob": "^7.1.3",
				"mkdirp": "^1.0.4",
				"nopt": "^5.0.0"
			}
		},
		"lru-cache": {
			"version": "4.1.5",
			"resolved": "http://r.tnpm.oa.com/lru-cache/download/lru-cache-4.1.5.tgz",
			"integrity": "sha1-i75Q6oW+1ZvJ4z3KuCNe6bz0Q80=",
			"requires": {
				"pseudomap": "^1.0.2",
				"yallist": "^2.1.2"
			}
		},
		"minimatch": {
			"version": "3.0.4",
			"resolved": "http://r.tnpm.oa.com/minimatch/download/minimatch-3.0.4.tgz",
			"integrity": "sha1-UWbihkV/AzBgZL5Ul+jbsMPTIIM=",
			"requires": {
				"brace-expansion": "^1.1.7"
			}
		},
		"mkdirp": {
			"version": "1.0.4",
			"resolved": "http://r.tnpm.oa.com/mkdirp/download/mkdirp-1.0.4.tgz",
			"integrity": "sha1-PrXtYmInVteaXw4qIh3+utdcL34="
		},
		"nopt": {
			"version": "5.0.0",
			"resolved": "http://r.tnpm.oa.com/nopt/download/nopt-5.0.0.tgz",
			"integrity": "sha1-UwlCu1ilEvzK/lP+IQ8TolNV3Ig=",
			"requires": {
				"abbrev": "1"
			}
		},
		"once": {
			"version": "1.4.0",
			"resolved": "http://r.tnpm.oa.com/once/download/once-1.4.0.tgz",
			"integrity": "sha1-WDsap3WWHUsROsF9nFC6753Xa9E=",
			"requires": {
				"wrappy": "1"
			}
		},
		"path-is-absolute": {
			"version": "1.0.1",
			"resolved": "http://r.tnpm.oa.com/path-is-absolute/download/path-is-absolute-1.0.1.tgz",
			"integrity": "sha1-F0uSaHNVNP+8es5r9TpanhtcX18="
		},
		"proto-list": {
			"version": "1.2.4",
			"resolved": "http://r.tnpm.oa.com/proto-list/download/proto-list-1.2.4.tgz",
			"integrity": "sha1-IS1b/hMYMGpCD2QCuOJv85ZHqEk="
		},
		"pseudomap": {
			"version": "1.0.2",
			"resolved": "http://r.tnpm.oa.com/pseudomap/download/pseudomap-1.0.2.tgz",
			"integrity": "sha1-8FKijacOYYkX7wqKw0wa5aaChrM="
		},
		"pug-beautify": {
			"version": "0.1.1",
			"resolved": "http://r.tnpm.oa.com/pug-beautify/download/pug-beautify-0.1.1.tgz",
			"integrity": "sha1-33+8cO6AwYpkIt/6sv5QgYjNzBg="
		},
		"semver": {
			"version": "5.7.1",
			"resolved": "http://r.tnpm.oa.com/semver/download/semver-5.7.1.tgz",
			"integrity": "sha1-qVT5Ma66UI0we78Gnv8MAclhFvc="
		},
		"sigmund": {
			"version": "1.0.1",
			"resolved": "http://r.tnpm.oa.com/sigmund/download/sigmund-1.0.1.tgz",
			"integrity": "sha1-P/IfGYytIXX587eBhT/ZTQ0ZtZA="
		},
		"wrappy": {
			"version": "1.0.2",
			"resolved": "http://r.tnpm.oa.com/wrappy/download/wrappy-1.0.2.tgz",
			"integrity": "sha1-tSQ9jz7BqjXxNkYFvA0QNuMKtp8="
		},
		"yallist": {
			"version": "2.1.2",
			"resolved": "http://r.tnpm.oa.com/yallist/download/yallist-2.1.2.tgz",
			"integrity": "sha1-HBH5IY8HYImkfdUS+TxmmaaoHVI="
		}
	}
}
